
Microsoft Visual Studio Solution File, Format Version 12.00
# Visual Studio Version 17
VisualStudioVersion = 17.14.36414.22 d17.14
MinimumVisualStudioVersion = 10.0.40219.1
Project("{FAE04EC0-301F-11D3-BF4B-00C04F79EFBC}") = "PhotoApp", "PhotoApp\PhotoApp.csproj", "{6ABF2D6A-6DF6-4B60-A13F-E1D73BF61BCA}"
EndProject
Global
	GlobalSection(SolutionConfigurationPlatforms) = preSolution
		Debug|Any CPU = Debug|Any CPU
		Release|Any CPU = Release|Any CPU
	EndGlobalSection
	GlobalSection(ProjectConfigurationPlatforms) = postSolution
		{6ABF2D6A-6DF6-4B60-A13F-E1D73BF61BCA}.Debug|Any CPU.ActiveCfg = Debug|Any CPU
		{6ABF2D6A-6DF6-4B60-A13F-E1D73BF61BCA}.Debug|Any CPU.Build.0 = Debug|Any CPU
		{6ABF2D6A-6DF6-4B60-A13F-E1D73BF61BCA}.Release|Any CPU.ActiveCfg = Release|Any CPU
		{6ABF2D6A-6DF6-4B60-A13F-E1D73BF61BCA}.Release|Any CPU.Build.0 = Release|Any CPU
	EndGlobalSection
	GlobalSection(SolutionProperties) = preSolution
		HideSolutionNode = FALSE
	EndGlobalSection
	GlobalSection(ExtensibilityGlobals) = postSolution
		SolutionGuid = {740B5D63-D03C-4511-9060-6B0BA101A409}
	EndGlobalSection
EndGlobal
